
Microsoft Visual Studio Solution File, Format Version 12.00
# Visual Studio Version 17
VisualStudioVersion = 17.4.33205.214
MinimumVisualStudioVersion = 10.0.40219.1
Project("{FAE04EC0-301F-11D3-BF4B-00C04F79EFBC}") = "EmployeeWebApi", "EmployeeWebApi\EmployeeWebApi.csproj", "{1A073A26-FEBF-4E54-88A7-3AD0C4F25FB1}"
EndProject
Global
	GlobalSection(SolutionConfigurationPlatforms) = preSolution
		Debug|Any CPU = Debug|Any CPU
		Release|Any CPU = Release|Any CPU
	EndGlobalSection
	GlobalSection(ProjectConfigurationPlatforms) = postSolution
		{1A073A26-FEBF-4E54-88A7-3AD0C4F25FB1}.Debug|Any CPU.ActiveCfg = Debug|Any CPU
		{1A073A26-FEBF-4E54-88A7-3AD0C4F25FB1}.Debug|Any CPU.Build.0 = Debug|Any CPU
		{1A073A26-FEBF-4E54-88A7-3AD0C4F25FB1}.Release|Any CPU.ActiveCfg = Release|Any CPU
		{1A073A26-FEBF-4E54-88A7-3AD0C4F25FB1}.Release|Any CPU.Build.0 = Release|Any CPU
	EndGlobalSection
	GlobalSection(SolutionProperties) = preSolution
		HideSolutionNode = FALSE
	EndGlobalSection
	GlobalSection(ExtensibilityGlobals) = postSolution
		SolutionGuid = {EBAC2C1C-C4FF-4AB5-81DA-19132B6D401C}
	EndGlobalSection
EndGlobal
